
Microsoft Visual Studio Solution File, Format Version 12.00
# Visual Studio Version 17
VisualStudioVersion = 17.6.33801.468
MinimumVisualStudioVersion = 10.0.40219.1
Project("{FAE04EC0-301F-11D3-BF4B-00C04F79EFBC}") = "Uluntu Primary Healthcare Project", "Uluntu Primary Healthcare Project\Uluntu Primary Healthcare Project.csproj", "{BE9143B2-11EE-4B91-A163-C9B1DA594858}"
EndProject
Global
	GlobalSection(SolutionConfigurationPlatforms) = preSolution
		Debug|Any CPU = Debug|Any CPU
		Release|Any CPU = Release|Any CPU
	EndGlobalSection
	GlobalSection(ProjectConfigurationPlatforms) = postSolution
		{BE9143B2-11EE-4B91-A163-C9B1DA594858}.Debug|Any CPU.ActiveCfg = Debug|Any CPU
		{BE9143B2-11EE-4B91-A163-C9B1DA594858}.Debug|Any CPU.Build.0 = Debug|Any CPU
		{BE9143B2-11EE-4B91-A163-C9B1DA594858}.Release|Any CPU.ActiveCfg = Release|Any CPU
		{BE9143B2-11EE-4B91-A163-C9B1DA594858}.Release|Any CPU.Build.0 = Release|Any CPU
	EndGlobalSection
	GlobalSection(SolutionProperties) = preSolution
		HideSolutionNode = FALSE
	EndGlobalSection
	GlobalSection(ExtensibilityGlobals) = postSolution
		SolutionGuid = {9291B61F-BFA7-47B5-85AF-57177CD71278}
	EndGlobalSection
EndGlobal
